{
  "name": "buncord",
  "lockfileVersion": 2,
  "requires": true,
  "packages": {
    "": {
      "name": "buncord",
      "dependencies": {
        "bun-types": "^0.0.79"
      }
    },
    "node_modules/bun-types": {
      "version": "0.0.79"
    }
  },
  "dependencies": {
    "bun-types": {
      "version": "0.0.79"
    }
  }
}
